
Microsoft Visual Studio Solution File, Format Version 12.00
# Visual Studio Version 17
VisualStudioVersion = 17.10.35027.167
MinimumVisualStudioVersion = 10.0.40219.1
Project("{FAE04EC0-301F-11D3-BF4B-00C04F79EFBC}") = "AFSTest.Tests", "AFSTest.Tests.csproj", "{8E66877E-C75D-47BF-8C3A-3F5EE750A8E4}"
EndProject
Global
	GlobalSection(SolutionConfigurationPlatforms) = preSolution
		Debug|Any CPU = Debug|Any CPU
		Release|Any CPU = Release|Any CPU
	EndGlobalSection
	GlobalSection(ProjectConfigurationPlatforms) = postSolution
		{8E66877E-C75D-47BF-8C3A-3F5EE750A8E4}.Debug|Any CPU.ActiveCfg = Debug|Any CPU
		{8E66877E-C75D-47BF-8C3A-3F5EE750A8E4}.Debug|Any CPU.Build.0 = Debug|Any CPU
		{8E66877E-C75D-47BF-8C3A-3F5EE750A8E4}.Release|Any CPU.ActiveCfg = Release|Any CPU
		{8E66877E-C75D-47BF-8C3A-3F5EE750A8E4}.Release|Any CPU.Build.0 = Release|Any CPU
	EndGlobalSection
	GlobalSection(SolutionProperties) = preSolution
		HideSolutionNode = FALSE
	EndGlobalSection
	GlobalSection(ExtensibilityGlobals) = postSolution
		SolutionGuid = {6D7EAA96-9EA3-4498-A796-31F550DC8EC3}
	EndGlobalSection
EndGlobal
